
Microsoft Visual Studio Solution File, Format Version 12.00
# Visual Studio Version 16
VisualStudioVersion = 16.0.30128.74
MinimumVisualStudioVersion = 10.0.40219.1
Project("{9A19103F-16F7-4668-BE54-9A1E7A4F7556}") = "Dynamics.Domain", "Dynamics.Domain\Dynamics.Domain.csproj", "{3029811F-C6CA-413A-9362-5110DB3E3663}"
EndProject
Project("{9A19103F-16F7-4668-BE54-9A1E7A4F7556}") = "Dynamics.Repository", "Dynamics.Repository\Dynamics.Repository.csproj", "{9A370FB1-FD84-4171-A3AC-BCF272377EF1}"
EndProject
Project("{9A19103F-16F7-4668-BE54-9A1E7A4F7556}") = "Dynamics.Service", "Dynamics.Service\Dynamics.Service.csproj", "{73853BA2-A5C5-4999-8F27-DFADD0EE97D2}"
EndProject
Project("{FAE04EC0-301F-11D3-BF4B-00C04F79EFBC}") = "Dynamics.Api", "Dynamics.Api\Dynamics.Api.csproj", "{26074C39-D785-44EC-8CBF-76BA2E956BF9}"
EndProject
Global
	GlobalSection(SolutionConfigurationPlatforms) = preSolution
		Debug|Any CPU = Debug|Any CPU
		Release|Any CPU = Release|Any CPU
	EndGlobalSection
	GlobalSection(ProjectConfigurationPlatforms) = postSolution
		{3029811F-C6CA-413A-9362-5110DB3E3663}.Debug|Any CPU.ActiveCfg = Debug|Any CPU
		{3029811F-C6CA-413A-9362-5110DB3E3663}.Debug|Any CPU.Build.0 = Debug|Any CPU
		{3029811F-C6CA-413A-9362-5110DB3E3663}.Release|Any CPU.ActiveCfg = Release|Any CPU
		{3029811F-C6CA-413A-9362-5110DB3E3663}.Release|Any CPU.Build.0 = Release|Any CPU
		{9A370FB1-FD84-4171-A3AC-BCF272377EF1}.Debug|Any CPU.ActiveCfg = Debug|Any CPU
		{9A370FB1-FD84-4171-A3AC-BCF272377EF1}.Debug|Any CPU.Build.0 = Debug|Any CPU
		{9A370FB1-FD84-4171-A3AC-BCF272377EF1}.Release|Any CPU.ActiveCfg = Release|Any CPU
		{9A370FB1-FD84-4171-A3AC-BCF272377EF1}.Release|Any CPU.Build.0 = Release|Any CPU
		{73853BA2-A5C5-4999-8F27-DFADD0EE97D2}.Debug|Any CPU.ActiveCfg = Debug|Any CPU
		{73853BA2-A5C5-4999-8F27-DFADD0EE97D2}.Debug|Any CPU.Build.0 = Debug|Any CPU
		{73853BA2-A5C5-4999-8F27-DFADD0EE97D2}.Release|Any CPU.ActiveCfg = Release|Any CPU
		{73853BA2-A5C5-4999-8F27-DFADD0EE97D2}.Release|Any CPU.Build.0 = Release|Any CPU
		{26074C39-D785-44EC-8CBF-76BA2E956BF9}.Debug|Any CPU.ActiveCfg = Debug|Any CPU
		{26074C39-D785-44EC-8CBF-76BA2E956BF9}.Debug|Any CPU.Build.0 = Debug|Any CPU
		{26074C39-D785-44EC-8CBF-76BA2E956BF9}.Release|Any CPU.ActiveCfg = Release|Any CPU
		{26074C39-D785-44EC-8CBF-76BA2E956BF9}.Release|Any CPU.Build.0 = Release|Any CPU
	EndGlobalSection
	GlobalSection(SolutionProperties) = preSolution
		HideSolutionNode = FALSE
	EndGlobalSection
	GlobalSection(ExtensibilityGlobals) = postSolution
		SolutionGuid = {57C3A06A-1E93-4C99-8840-4B007477491E}
	EndGlobalSection
EndGlobal
